
Microsoft Visual Studio Solution File, Format Version 12.00
# Visual Studio Version 17
VisualStudioVersion = 17.4.33205.214
MinimumVisualStudioVersion = 10.0.40219.1
Project("{9A19103F-16F7-4668-BE54-9A1E7A4F7556}") = "CoffeeShopWebApp", "CoffeeShop\CoffeeShopWebApp.csproj", "{728251E8-3796-4846-9DEC-F3A26F5CE0FB}"
EndProject
Project("{FAE04EC0-301F-11D3-BF4B-00C04F79EFBC}") = "CoffeeShopConsole", "CoffeeShopConsole\CoffeeShopConsole.csproj", "{D6C50B20-71A5-4951-A107-864B5A81F3E0}"
EndProject
Project("{FAE04EC0-301F-11D3-BF4B-00C04F79EFBC}") = "CoffeeShopDomain", "CoffeeShopDomain\CoffeeShopDomain.csproj", "{68878486-84D8-463C-8CCB-8FDB6411FF8D}"
EndProject
Project("{FAE04EC0-301F-11D3-BF4B-00C04F79EFBC}") = "CoffeeShopDTO", "CoffeeShopDTO\CoffeeShopDTO.csproj", "{5F8B840C-DF3A-4AA7-9460-8029768E6AB3}"
EndProject
Project("{FAE04EC0-301F-11D3-BF4B-00C04F79EFBC}") = "CoffeeShopRepository", "CoffeeShopRepository\CoffeeShopRepository.csproj", "{CD6E322C-8275-4285-9FDC-CD6B33FD0CA8}"
EndProject
Global
	GlobalSection(SolutionConfigurationPlatforms) = preSolution
		Debug|Any CPU = Debug|Any CPU
		Release|Any CPU = Release|Any CPU
	EndGlobalSection
	GlobalSection(ProjectConfigurationPlatforms) = postSolution
		{728251E8-3796-4846-9DEC-F3A26F5CE0FB}.Debug|Any CPU.ActiveCfg = Debug|Any CPU
		{728251E8-3796-4846-9DEC-F3A26F5CE0FB}.Debug|Any CPU.Build.0 = Debug|Any CPU
		{728251E8-3796-4846-9DEC-F3A26F5CE0FB}.Release|Any CPU.ActiveCfg = Release|Any CPU
		{728251E8-3796-4846-9DEC-F3A26F5CE0FB}.Release|Any CPU.Build.0 = Release|Any CPU
		{D6C50B20-71A5-4951-A107-864B5A81F3E0}.Debug|Any CPU.ActiveCfg = Debug|Any CPU
		{D6C50B20-71A5-4951-A107-864B5A81F3E0}.Debug|Any CPU.Build.0 = Debug|Any CPU
		{D6C50B20-71A5-4951-A107-864B5A81F3E0}.Release|Any CPU.ActiveCfg = Release|Any CPU
		{D6C50B20-71A5-4951-A107-864B5A81F3E0}.Release|Any CPU.Build.0 = Release|Any CPU
		{68878486-84D8-463C-8CCB-8FDB6411FF8D}.Debug|Any CPU.ActiveCfg = Debug|Any CPU
		{68878486-84D8-463C-8CCB-8FDB6411FF8D}.Debug|Any CPU.Build.0 = Debug|Any CPU
		{68878486-84D8-463C-8CCB-8FDB6411FF8D}.Release|Any CPU.ActiveCfg = Release|Any CPU
		{68878486-84D8-463C-8CCB-8FDB6411FF8D}.Release|Any CPU.Build.0 = Release|Any CPU
		{5F8B840C-DF3A-4AA7-9460-8029768E6AB3}.Debug|Any CPU.ActiveCfg = Debug|Any CPU
		{5F8B840C-DF3A-4AA7-9460-8029768E6AB3}.Debug|Any CPU.Build.0 = Debug|Any CPU
		{5F8B840C-DF3A-4AA7-9460-8029768E6AB3}.Release|Any CPU.ActiveCfg = Release|Any CPU
		{5F8B840C-DF3A-4AA7-9460-8029768E6AB3}.Release|Any CPU.Build.0 = Release|Any CPU
		{CD6E322C-8275-4285-9FDC-CD6B33FD0CA8}.Debug|Any CPU.ActiveCfg = Debug|Any CPU
		{CD6E322C-8275-4285-9FDC-CD6B33FD0CA8}.Debug|Any CPU.Build.0 = Debug|Any CPU
		{CD6E322C-8275-4285-9FDC-CD6B33FD0CA8}.Release|Any CPU.ActiveCfg = Release|Any CPU
		{CD6E322C-8275-4285-9FDC-CD6B33FD0CA8}.Release|Any CPU.Build.0 = Release|Any CPU
	EndGlobalSection
	GlobalSection(SolutionProperties) = preSolution
		HideSolutionNode = FALSE
	EndGlobalSection
	GlobalSection(ExtensibilityGlobals) = postSolution
		SolutionGuid = {273A6A03-DB5E-4423-BFD8-1B98FF57B09E}
	EndGlobalSection
EndGlobal
